// !$*UTF8*$!
{
	archiveVersion = 1;
	classes = {
	};
	objectVersion = 55;
	objects = {

/* Begin PBXBuildFile section */
		BF7BB5E22733101C000EDC56 /* Manga.swift in Sources */ = {isa = PBXBuildFile; fileRef = BF7BB5E12733101C000EDC56 /* Manga.swift */; };
		BF7BB5E427331BD5000EDC56 /* MangaDetail.swift in Sources */ = {isa = PBXBuildFile; fileRef = BF7BB5E327331BD5000EDC56 /* MangaDetail.swift */; };
		BF7BB5E6273324CB000EDC56 /* NetTruyenParser.swift in Sources */ = {isa = PBXBuildFile; fileRef = BF7BB5E5273324CB000EDC56 /* NetTruyenParser.swift */; };
		BF7BB5EC273341FD000EDC56 /* NetTruyenService.swift in Sources */ = {isa = PBXBuildFile; fileRef = BF7BB5EB273341FD000EDC56 /* NetTruyenService.swift */; };
		BF7BB5EE273345F7000EDC56 /* MangaService.swift in Sources */ = {isa = PBXBuildFile; fileRef = BF7BB5ED273345F7000EDC56 /* MangaService.swift */; };
		BF85B4B62734DCF50049CC7C /* MangaDetailView.swift in Sources */ = {isa = PBXBuildFile; fileRef = BF85B4B52734DCF50049CC7C /* MangaDetailView.swift */; };
		BF85B4B82734F2FE0049CC7C /* MangaDetailViewModel.swift in Sources */ = {isa = PBXBuildFile; fileRef = BF85B4B72734F2FE0049CC7C /* MangaDetailViewModel.swift */; };
		BFBA5DF9273602E700EB4954 /* ReadingView.swift in Sources */ = {isa = PBXBuildFile; fileRef = BFBA5DF8273602E700EB4954 /* ReadingView.swift */; };
		BFBA5DFB273602FA00EB4954 /* ReadingViewModel.swift in Sources */ = {isa = PBXBuildFile; fileRef = BFBA5DFA273602FA00EB4954 /* ReadingViewModel.swift */; };
		BFBA5DFD273604C500EB4954 /* ChapterDetail.swift in Sources */ = {isa = PBXBuildFile; fileRef = BFBA5DFC273604C500EB4954 /* ChapterDetail.swift */; };
		BFBA5DFF273604DE00EB4954 /* Chapter.swift in Sources */ = {isa = PBXBuildFile; fileRef = BFBA5DFE273604DE00EB4954 /* Chapter.swift */; };
		BFBA5E012736349F00EB4954 /* ZoomableScrollView.swift in Sources */ = {isa = PBXBuildFile; fileRef = BFBA5E002736349F00EB4954 /* ZoomableScrollView.swift */; };
		BFD3FB982732364700B0DD3B /* SugoiMangaApp.swift in Sources */ = {isa = PBXBuildFile; fileRef = BFD3FB702732364500B0DD3B /* SugoiMangaApp.swift */; };
		BFD3FB9C2732364700B0DD3B /* Assets.xcassets in Resources */ = {isa = PBXBuildFile; fileRef = BFD3FB722732364700B0DD3B /* Assets.xcassets */; };
		BFD3FBAE273236C400B0DD3B /* HomeView.swift in Sources */ = {isa = PBXBuildFile; fileRef = BFD3FBAD273236C400B0DD3B /* HomeView.swift */; };
		BFD3FBB027324EB400B0DD3B /* HomeViewModel.swift in Sources */ = {isa = PBXBuildFile; fileRef = BFD3FBAF27324EB400B0DD3B /* HomeViewModel.swift */; };
		BFD3FBB3273254A900B0DD3B /* Kanna in Frameworks */ = {isa = PBXBuildFile; productRef = BFD3FBB2273254A900B0DD3B /* Kanna */; };
		BFD73B56274DF353004E5003 /* MangaDataSource.swift in Sources */ = {isa = PBXBuildFile; fileRef = BFD73B55274DF352004E5003 /* MangaDataSource.swift */; };
		BFD73B582752FBE5004E5003 /* MangaKakalotService.swift in Sources */ = {isa = PBXBuildFile; fileRef = BFD73B572752FBE5004E5003 /* MangaKakalotService.swift */; };
		BFD73B5A2752FBF4004E5003 /* MangaKakalotParser.swift in Sources */ = {isa = PBXBuildFile; fileRef = BFD73B592752FBF4004E5003 /* MangaKakalotParser.swift */; };
		BFD73B5C27530D8A004E5003 /* MangaSource.swift in Sources */ = {isa = PBXBuildFile; fileRef = BFD73B5B27530D8A004E5003 /* MangaSource.swift */; };
		BFD73B612758B332004E5003 /* CenterModifier.swift in Sources */ = {isa = PBXBuildFile; fileRef = BFD73B602758B332004E5003 /* CenterModifier.swift */; };
		BFD73B63275C7FB5004E5003 /* ManganatoParser.swift in Sources */ = {isa = PBXBuildFile; fileRef = BFD73B62275C7FB4004E5003 /* ManganatoParser.swift */; };
		BFF73B2D273398190076103E /* MangaView.swift in Sources */ = {isa = PBXBuildFile; fileRef = BFF73B2C273398180076103E /* MangaView.swift */; };
		BFF73B302733A3560076103E /* Kingfisher in Frameworks */ = {isa = PBXBuildFile; productRef = BFF73B2F2733A3560076103E /* Kingfisher */; };
		E3645080278401140091188C /* FavoriteView.swift in Sources */ = {isa = PBXBuildFile; fileRef = E364507F278401140091188C /* FavoriteView.swift */; };
		E3645083278401510091188C /* MainView.swift in Sources */ = {isa = PBXBuildFile; fileRef = E3645082278401510091188C /* MainView.swift */; };
		E36450C027840EAC0091188C /* Persistence.swift in Sources */ = {isa = PBXBuildFile; fileRef = E36450BF27840EAC0091188C /* Persistence.swift */; };
		E36450C327840F7D0091188C /* CoreData.xcdatamodeld in Sources */ = {isa = PBXBuildFile; fileRef = E36450C127840F7D0091188C /* CoreData.xcdatamodeld */; };
		E36450C6278417840091188C /* MangaEntity.swift in Sources */ = {isa = PBXBuildFile; fileRef = E36450C5278417840091188C /* MangaEntity.swift */; };
/* End PBXBuildFile section */

/* Begin PBXFileReference section */
		BF7BB5E12733101C000EDC56 /* Manga.swift */ = {isa = PBXFileReference; lastKnownFileType = sourcecode.swift; path = Manga.swift; sourceTree = "<group>"; };
		BF7BB5E327331BD5000EDC56 /* MangaDetail.swift */ = {isa = PBXFileReference; lastKnownFileType = sourcecode.swift; path = MangaDetail.swift; sourceTree = "<group>"; };
		BF7BB5E5273324CB000EDC56 /* NetTruyenParser.swift */ = {isa = PBXFileReference; lastKnownFileType = sourcecode.swift; path = NetTruyenParser.swift; sourceTree = "<group>"; };
		BF7BB5EB273341FD000EDC56 /* NetTruyenService.swift */ = {isa = PBXFileReference; lastKnownFileType = sourcecode.swift; path = NetTruyenService.swift; sourceTree = "<group>"; };
		BF7BB5ED273345F7000EDC56 /* MangaService.swift */ = {isa = PBXFileReference; lastKnownFileType = sourcecode.swift; path = MangaService.swift; sourceTree = "<group>"; };
		BF85B4B52734DCF50049CC7C /* MangaDetailView.swift */ = {isa = PBXFileReference; lastKnownFileType = sourcecode.swift; path = MangaDetailView.swift; sourceTree = "<group>"; };
		BF85B4B72734F2FE0049CC7C /* MangaDetailViewModel.swift */ = {isa = PBXFileReference; lastKnownFileType = sourcecode.swift; path = MangaDetailViewModel.swift; sourceTree = "<group>"; };
		BFBA5DF8273602E700EB4954 /* ReadingView.swift */ = {isa = PBXFileReference; lastKnownFileType = sourcecode.swift; path = ReadingView.swift; sourceTree = "<group>"; };
		BFBA5DFA273602FA00EB4954 /* ReadingViewModel.swift */ = {isa = PBXFileReference; lastKnownFileType = sourcecode.swift; path = ReadingViewModel.swift; sourceTree = "<group>"; };
		BFBA5DFC273604C500EB4954 /* ChapterDetail.swift */ = {isa = PBXFileReference; lastKnownFileType = sourcecode.swift; path = ChapterDetail.swift; sourceTree = "<group>"; };
		BFBA5DFE273604DE00EB4954 /* Chapter.swift */ = {isa = PBXFileReference; lastKnownFileType = sourcecode.swift; path = Chapter.swift; sourceTree = "<group>"; };
		BFBA5E002736349F00EB4954 /* ZoomableScrollView.swift */ = {isa = PBXFileReference; lastKnownFileType = sourcecode.swift; path = ZoomableScrollView.swift; sourceTree = "<group>"; };
		BFD3FB702732364500B0DD3B /* SugoiMangaApp.swift */ = {isa = PBXFileReference; lastKnownFileType = sourcecode.swift; path = SugoiMangaApp.swift; sourceTree = "<group>"; };
		BFD3FB722732364700B0DD3B /* Assets.xcassets */ = {isa = PBXFileReference; lastKnownFileType = folder.assetcatalog; path = Assets.xcassets; sourceTree = "<group>"; };
		BFD3FB772732364700B0DD3B /* SugoiManga.app */ = {isa = PBXFileReference; explicitFileType = wrapper.application; includeInIndex = 0; path = SugoiManga.app; sourceTree = BUILT_PRODUCTS_DIR; };
		BFD3FBAD273236C400B0DD3B /* HomeView.swift */ = {isa = PBXFileReference; lastKnownFileType = sourcecode.swift; path = HomeView.swift; sourceTree = "<group>"; };
		BFD3FBAF27324EB400B0DD3B /* HomeViewModel.swift */ = {isa = PBXFileReference; lastKnownFileType = sourcecode.swift; path = HomeViewModel.swift; sourceTree = "<group>"; };
		BFD73B55274DF352004E5003 /* MangaDataSource.swift */ = {isa = PBXFileReference; lastKnownFileType = sourcecode.swift; path = MangaDataSource.swift; sourceTree = "<group>"; };
		BFD73B572752FBE5004E5003 /* MangaKakalotService.swift */ = {isa = PBXFileReference; lastKnownFileType = sourcecode.swift; path = MangaKakalotService.swift; sourceTree = "<group>"; };
		BFD73B592752FBF4004E5003 /* MangaKakalotParser.swift */ = {isa = PBXFileReference; lastKnownFileType = sourcecode.swift; path = MangaKakalotParser.swift; sourceTree = "<group>"; };
		BFD73B5B27530D8A004E5003 /* MangaSource.swift */ = {isa = PBXFileReference; lastKnownFileType = sourcecode.swift; path = MangaSource.swift; sourceTree = "<group>"; };
		BFD73B602758B332004E5003 /* CenterModifier.swift */ = {isa = PBXFileReference; lastKnownFileType = sourcecode.swift; path = CenterModifier.swift; sourceTree = "<group>"; };
		BFD73B62275C7FB4004E5003 /* ManganatoParser.swift */ = {isa = PBXFileReference; lastKnownFileType = sourcecode.swift; path = ManganatoParser.swift; sourceTree = "<group>"; };
		BFF73B2C273398180076103E /* MangaView.swift */ = {isa = PBXFileReference; lastKnownFileType = sourcecode.swift; path = MangaView.swift; sourceTree = "<group>"; };
		E357039B27697E3000086160 /* SugoiManga-Info.plist */ = {isa = PBXFileReference; lastKnownFileType = text.plist.xml; path = "SugoiManga-Info.plist"; sourceTree = "<group>"; };
		E364507F278401140091188C /* FavoriteView.swift */ = {isa = PBXFileReference; lastKnownFileType = sourcecode.swift; path = FavoriteView.swift; sourceTree = "<group>"; };
		E3645082278401510091188C /* MainView.swift */ = {isa = PBXFileReference; lastKnownFileType = sourcecode.swift; path = MainView.swift; sourceTree = "<group>"; };
		E36450BF27840EAC0091188C /* Persistence.swift */ = {isa = PBXFileReference; lastKnownFileType = sourcecode.swift; path = Persistence.swift; sourceTree = "<group>"; };
		E36450C227840F7D0091188C /* CoreData.xcdatamodel */ = {isa = PBXFileReference; lastKnownFileType = wrapper.xcdatamodel; path = CoreData.xcdatamodel; sourceTree = "<group>"; };
		E36450C5278417840091188C /* MangaEntity.swift */ = {isa = PBXFileReference; lastKnownFileType = sourcecode.swift; path = MangaEntity.swift; sourceTree = "<group>"; };
/* End PBXFileReference section */

/* Begin PBXFrameworksBuildPhase section */
		BFD3FB742732364700B0DD3B /* Frameworks */ = {
			isa = PBXFrameworksBuildPhase;
			buildActionMask = 2147483647;
			files = (
				BFF73B302733A3560076103E /* Kingfisher in Frameworks */,
				BFD3FBB3273254A900B0DD3B /* Kanna in Frameworks */,
			);
			runOnlyForDeploymentPostprocessing = 0;
		};
/* End PBXFrameworksBuildPhase section */

/* Begin PBXGroup section */
		BF257FEE273B9E20007307F3 /* Custom */ = {
			isa = PBXGroup;
			children = (
				BFBA5E002736349F00EB4954 /* ZoomableScrollView.swift */,
			);
			path = Custom;
			sourceTree = "<group>";
		};
		BF7BB5E02733100B000EDC56 /* Models */ = {
			isa = PBXGroup;
			children = (
				E36450C4278417760091188C /* CoreData */,
				BF7BB5E12733101C000EDC56 /* Manga.swift */,
				BF7BB5E327331BD5000EDC56 /* MangaDetail.swift */,
				BFBA5DFE273604DE00EB4954 /* Chapter.swift */,
				BFBA5DFC273604C500EB4954 /* ChapterDetail.swift */,
				BFD73B5B27530D8A004E5003 /* MangaSource.swift */,
			);
			path = Models;
			sourceTree = "<group>";
		};
		BF7BB5E927333903000EDC56 /* Home */ = {
			isa = PBXGroup;
			children = (
				BFD3FBAD273236C400B0DD3B /* HomeView.swift */,
				BFD3FBAF27324EB400B0DD3B /* HomeViewModel.swift */,
				BFF73B2C273398180076103E /* MangaView.swift */,
				BFD73B55274DF352004E5003 /* MangaDataSource.swift */,
			);
			path = Home;
			sourceTree = "<group>";
		};
		BF7BB5EA27334193000EDC56 /* Services */ = {
			isa = PBXGroup;
			children = (
				BF7BB5ED273345F7000EDC56 /* MangaService.swift */,
				BF7BB5EB273341FD000EDC56 /* NetTruyenService.swift */,
				BFD73B572752FBE5004E5003 /* MangaKakalotService.swift */,
			);
			path = Services;
			sourceTree = "<group>";
		};
		BF85B4B42734DCD40049CC7C /* MangaDetail */ = {
			isa = PBXGroup;
			children = (
				BF85B4B52734DCF50049CC7C /* MangaDetailView.swift */,
				BF85B4B72734F2FE0049CC7C /* MangaDetailViewModel.swift */,
			);
			path = MangaDetail;
			sourceTree = "<group>";
		};
		BFBA5DF7273602D300EB4954 /* Reading */ = {
			isa = PBXGroup;
			children = (
				BFBA5DF8273602E700EB4954 /* ReadingView.swift */,
				BFBA5DFA273602FA00EB4954 /* ReadingViewModel.swift */,
			);
			path = Reading;
			sourceTree = "<group>";
		};
		BFD3FB6A2732364500B0DD3B = {
			isa = PBXGroup;
			children = (
				BFD3FB6F2732364500B0DD3B /* SugoiManga */,
				BFD3FB782732364700B0DD3B /* Products */,
			);
			sourceTree = "<group>";
		};
		BFD3FB6F2732364500B0DD3B /* SugoiManga */ = {
			isa = PBXGroup;
			children = (
				BFD73B5F2758B321004E5003 /* Utils */,
				BFF73B312733AE6B0076103E /* Parsers */,
				BF7BB5EA27334193000EDC56 /* Services */,
				BF7BB5E02733100B000EDC56 /* Models */,
				BFD3FBAC273236A900B0DD3B /* Views */,
				BFD3FB702732364500B0DD3B /* SugoiMangaApp.swift */,
				E36450BF27840EAC0091188C /* Persistence.swift */,
				E36450C127840F7D0091188C /* CoreData.xcdatamodeld */,
				BFD3FB722732364700B0DD3B /* Assets.xcassets */,
				E357039B27697E3000086160 /* SugoiManga-Info.plist */,
			);
			path = SugoiManga;
			sourceTree = "<group>";
		};
		BFD3FB782732364700B0DD3B /* Products */ = {
			isa = PBXGroup;
			children = (
				BFD3FB772732364700B0DD3B /* SugoiManga.app */,
			);
			name = Products;
			sourceTree = "<group>";
		};
		BFD3FBAC273236A900B0DD3B /* Views */ = {
			isa = PBXGroup;
			children = (
				E3645081278401360091188C /* Main */,
				E364507E2784009A0091188C /* Favorite */,
				BF257FEE273B9E20007307F3 /* Custom */,
				BFBA5DF7273602D300EB4954 /* Reading */,
				BF85B4B42734DCD40049CC7C /* MangaDetail */,
				BF7BB5E927333903000EDC56 /* Home */,
			);
			path = Views;
			sourceTree = "<group>";
		};
		BFD73B5F2758B321004E5003 /* Utils */ = {
			isa = PBXGroup;
			children = (
				BFD73B602758B332004E5003 /* CenterModifier.swift */,
			);
			path = Utils;
			sourceTree = "<group>";
		};
		BFF73B312733AE6B0076103E /* Parsers */ = {
			isa = PBXGroup;
			children = (
				BF7BB5E5273324CB000EDC56 /* NetTruyenParser.swift */,
				BFD73B592752FBF4004E5003 /* MangaKakalotParser.swift */,
				BFD73B62275C7FB4004E5003 /* ManganatoParser.swift */,
			);
			path = Parsers;
			sourceTree = "<group>";
		};
		E364507E2784009A0091188C /* Favorite */ = {
			isa = PBXGroup;
			children = (
				E364507F278401140091188C /* FavoriteView.swift */,
			);
			path = Favorite;
			sourceTree = "<group>";
		};
		E3645081278401360091188C /* Main */ = {
			isa = PBXGroup;
			children = (
				E3645082278401510091188C /* MainView.swift */,
			);
			path = Main;
			sourceTree = "<group>";
		};
		E36450C4278417760091188C /* CoreData */ = {
			isa = PBXGroup;
			children = (
				E36450C5278417840091188C /* MangaEntity.swift */,
			);
			path = CoreData;
			sourceTree = "<group>";
		};
/* End PBXGroup section */

/* Begin PBXNativeTarget section */
		BFD3FB762732364700B0DD3B /* SugoiManga */ = {
			isa = PBXNativeTarget;
			buildConfigurationList = BFD3FBA02732364700B0DD3B /* Build configuration list for PBXNativeTarget "SugoiManga" */;
			buildPhases = (
				BFD3FB732732364700B0DD3B /* Sources */,
				BFD3FB742732364700B0DD3B /* Frameworks */,
				BFD3FB752732364700B0DD3B /* Resources */,
			);
			buildRules = (
			);
			dependencies = (
			);
			name = SugoiManga;
			packageProductDependencies = (
				BFD3FBB2273254A900B0DD3B /* Kanna */,
				BFF73B2F2733A3560076103E /* Kingfisher */,
			);
			productName = "SugoiManga (iOS)";
			productReference = BFD3FB772732364700B0DD3B /* SugoiManga.app */;
			productType = "com.apple.product-type.application";
		};
/* End PBXNativeTarget section */

/* Begin PBXProject section */
		BFD3FB6B2732364500B0DD3B /* Project object */ = {
			isa = PBXProject;
			attributes = {
				BuildIndependentTargetsInParallel = 1;
				LastSwiftUpdateCheck = 1310;
				LastUpgradeCheck = 1320;
				TargetAttributes = {
					BFD3FB762732364700B0DD3B = {
						CreatedOnToolsVersion = 13.1;
					};
				};
			};
			buildConfigurationList = BFD3FB6E2732364500B0DD3B /* Build configuration list for PBXProject "SugoiManga" */;
			compatibilityVersion = "Xcode 13.0";
			developmentRegion = en;
			hasScannedForEncodings = 0;
			knownRegions = (
				en,
				Base,
			);
			mainGroup = BFD3FB6A2732364500B0DD3B;
			packageReferences = (
				BFD3FBB1273254A900B0DD3B /* XCRemoteSwiftPackageReference "Kanna" */,
				BFF73B2E2733A3560076103E /* XCRemoteSwiftPackageReference "Kingfisher" */,
			);
			productRefGroup = BFD3FB782732364700B0DD3B /* Products */;
			projectDirPath = "";
			projectRoot = "";
			targets = (
				BFD3FB762732364700B0DD3B /* SugoiManga */,
			);
		};
/* End PBXProject section */

/* Begin PBXResourcesBuildPhase section */
		BFD3FB752732364700B0DD3B /* Resources */ = {
			isa = PBXResourcesBuildPhase;
			buildActionMask = 2147483647;
			files = (
				BFD3FB9C2732364700B0DD3B /* Assets.xcassets in Resources */,
			);
			runOnlyForDeploymentPostprocessing = 0;
		};
/* End PBXResourcesBuildPhase section */

/* Begin PBXSourcesBuildPhase section */
		BFD3FB732732364700B0DD3B /* Sources */ = {
			isa = PBXSourcesBuildPhase;
			buildActionMask = 2147483647;
			files = (
				BF7BB5EC273341FD000EDC56 /* NetTruyenService.swift in Sources */,
				E3645083278401510091188C /* MainView.swift in Sources */,
				BFD3FBAE273236C400B0DD3B /* HomeView.swift in Sources */,
				BFD73B582752FBE5004E5003 /* MangaKakalotService.swift in Sources */,
				BFD73B5C27530D8A004E5003 /* MangaSource.swift in Sources */,
				BFD73B56274DF353004E5003 /* MangaDataSource.swift in Sources */,
				BF7BB5E6273324CB000EDC56 /* NetTruyenParser.swift in Sources */,
				BF7BB5EE273345F7000EDC56 /* MangaService.swift in Sources */,
				E36450C6278417840091188C /* MangaEntity.swift in Sources */,
				BF7BB5E22733101C000EDC56 /* Manga.swift in Sources */,
				BF7BB5E427331BD5000EDC56 /* MangaDetail.swift in Sources */,
				BFBA5E012736349F00EB4954 /* ZoomableScrollView.swift in Sources */,
				BFBA5DFF273604DE00EB4954 /* Chapter.swift in Sources */,
				BFD3FB982732364700B0DD3B /* SugoiMangaApp.swift in Sources */,
				BFBA5DFB273602FA00EB4954 /* ReadingViewModel.swift in Sources */,
				BFF73B2D273398190076103E /* MangaView.swift in Sources */,
				BF85B4B82734F2FE0049CC7C /* MangaDetailViewModel.swift in Sources */,
				E36450C327840F7D0091188C /* CoreData.xcdatamodeld in Sources */,
				BFD73B5A2752FBF4004E5003 /* MangaKakalotParser.swift in Sources */,
				BFBA5DF9273602E700EB4954 /* ReadingView.swift in Sources */,
				BF85B4B62734DCF50049CC7C /* MangaDetailView.swift in Sources */,
				E36450C027840EAC0091188C /* Persistence.swift in Sources */,
				BFBA5DFD273604C500EB4954 /* ChapterDetail.swift in Sources */,
				BFD3FBB027324EB400B0DD3B /* HomeViewModel.swift in Sources */,
				BFD73B612758B332004E5003 /* CenterModifier.swift in Sources */,
				BFD73B63275C7FB5004E5003 /* ManganatoParser.swift in Sources */,
				E3645080278401140091188C /* FavoriteView.swift in Sources */,
			);
			runOnlyForDeploymentPostprocessing = 0;
		};
/* End PBXSourcesBuildPhase section */

/* Begin XCBuildConfiguration section */
		BFD3FB9E2732364700B0DD3B /* Debug */ = {
			isa = XCBuildConfiguration;
			buildSettings = {
				ALWAYS_SEARCH_USER_PATHS = NO;
				CLANG_ANALYZER_NONNULL = YES;
				CLANG_ANALYZER_NUMBER_OBJECT_CONVERSION = YES_AGGRESSIVE;
				CLANG_CXX_LANGUAGE_STANDARD = "gnu++17";
				CLANG_CXX_LIBRARY = "libc++";
				CLANG_ENABLE_MODULES = YES;
				CLANG_ENABLE_OBJC_ARC = YES;
				CLANG_ENABLE_OBJC_WEAK = YES;
				CLANG_WARN_BLOCK_CAPTURE_AUTORELEASING = YES;
				CLANG_WARN_BOOL_CONVERSION = YES;
				CLANG_WARN_COMMA = YES;
				CLANG_WARN_CONSTANT_CONVERSION = YES;
				CLANG_WARN_DEPRECATED_OBJC_IMPLEMENTATIONS = YES;
				CLANG_WARN_DIRECT_OBJC_ISA_USAGE = YES_ERROR;
				CLANG_WARN_DOCUMENTATION_COMMENTS = YES;
				CLANG_WARN_EMPTY_BODY = YES;
				CLANG_WARN_ENUM_CONVERSION = YES;
				CLANG_WARN_INFINITE_RECURSION = YES;
				CLANG_WARN_INT_CONVERSION = YES;
				CLANG_WARN_NON_LITERAL_NULL_CONVERSION = YES;
				CLANG_WARN_OBJC_IMPLICIT_RETAIN_SELF = YES;
				CLANG_WARN_OBJC_LITERAL_CONVERSION = YES;
				CLANG_WARN_OBJC_ROOT_CLASS = YES_ERROR;
				CLANG_WARN_QUOTED_INCLUDE_IN_FRAMEWORK_HEADER = YES;
				CLANG_WARN_RANGE_LOOP_ANALYSIS = YES;
				CLANG_WARN_STRICT_PROTOTYPES = YES;
				CLANG_WARN_SUSPICIOUS_MOVE = YES;
				CLANG_WARN_UNGUARDED_AVAILABILITY = YES_AGGRESSIVE;
				CLANG_WARN_UNREACHABLE_CODE = YES;
				CLANG_WARN__DUPLICATE_METHOD_MATCH = YES;
				COPY_PHASE_STRIP = NO;
				DEBUG_INFORMATION_FORMAT = dwarf;
				ENABLE_STRICT_OBJC_MSGSEND = YES;
				ENABLE_TESTABILITY = YES;
				GCC_C_LANGUAGE_STANDARD = gnu11;
				GCC_DYNAMIC_NO_PIC = NO;
				GCC_NO_COMMON_BLOCKS = YES;
				GCC_OPTIMIZATION_LEVEL = 0;
				GCC_PREPROCESSOR_DEFINITIONS = (
					"DEBUG=1",
					"$(inherited)",
				);
				GCC_WARN_64_TO_32_BIT_CONVERSION = YES;
				GCC_WARN_ABOUT_RETURN_TYPE = YES_ERROR;
				GCC_WARN_UNDECLARED_SELECTOR = YES;
				GCC_WARN_UNINITIALIZED_AUTOS = YES_AGGRESSIVE;
				GCC_WARN_UNUSED_FUNCTION = YES;
				GCC_WARN_UNUSED_VARIABLE = YES;
				MTL_ENABLE_DEBUG_INFO = INCLUDE_SOURCE;
				MTL_FAST_MATH = YES;
				ONLY_ACTIVE_ARCH = YES;
				SWIFT_ACTIVE_COMPILATION_CONDITIONS = DEBUG;
				SWIFT_OPTIMIZATION_LEVEL = "-Onone";
			};
			name = Debug;
		};
		BFD3FB9F2732364700B0DD3B /* Release */ = {
			isa = XCBuildConfiguration;
			buildSettings = {
				ALWAYS_SEARCH_USER_PATHS = NO;
				CLANG_ANALYZER_NONNULL = YES;
				CLANG_ANALYZER_NUMBER_OBJECT_CONVERSION = YES_AGGRESSIVE;
				CLANG_CXX_LANGUAGE_STANDARD = "gnu++17";
				CLANG_CXX_LIBRARY = "libc++";
				CLANG_ENABLE_MODULES = YES;
				CLANG_ENABLE_OBJC_ARC = YES;
				CLANG_ENABLE_OBJC_WEAK = YES;
				CLANG_WARN_BLOCK_CAPTURE_AUTORELEASING = YES;
				CLANG_WARN_BOOL_CONVERSION = YES;
				CLANG_WARN_COMMA = YES;
				CLANG_WARN_CONSTANT_CONVERSION = YES;
				CLANG_WARN_DEPRECATED_OBJC_IMPLEMENTATIONS = YES;
				CLANG_WARN_DIRECT_OBJC_ISA_USAGE = YES_ERROR;
				CLANG_WARN_DOCUMENTATION_COMMENTS = YES;
				CLANG_WARN_EMPTY_BODY = YES;
				CLANG_WARN_ENUM_CONVERSION = YES;
				CLANG_WARN_INFINITE_RECURSION = YES;
				CLANG_WARN_INT_CONVERSION = YES;
				CLANG_WARN_NON_LITERAL_NULL_CONVERSION = YES;
				CLANG_WARN_OBJC_IMPLICIT_RETAIN_SELF = YES;
				CLANG_WARN_OBJC_LITERAL_CONVERSION = YES;
				CLANG_WARN_OBJC_ROOT_CLASS = YES_ERROR;
				CLANG_WARN_QUOTED_INCLUDE_IN_FRAMEWORK_HEADER = YES;
				CLANG_WARN_RANGE_LOOP_ANALYSIS = YES;
				CLANG_WARN_STRICT_PROTOTYPES = YES;
				CLANG_WARN_SUSPICIOUS_MOVE = YES;
				CLANG_WARN_UNGUARDED_AVAILABILITY = YES_AGGRESSIVE;
				CLANG_WARN_UNREACHABLE_CODE = YES;
				CLANG_WARN__DUPLICATE_METHOD_MATCH = YES;
				COPY_PHASE_STRIP = NO;
				DEBUG_INFORMATION_FORMAT = "dwarf-with-dsym";
				ENABLE_NS_ASSERTIONS = NO;
				ENABLE_STRICT_OBJC_MSGSEND = YES;
				GCC_C_LANGUAGE_STANDARD = gnu11;
				GCC_NO_COMMON_BLOCKS = YES;
				GCC_WARN_64_TO_32_BIT_CONVERSION = YES;
				GCC_WARN_ABOUT_RETURN_TYPE = YES_ERROR;
				GCC_WARN_UNDECLARED_SELECTOR = YES;
				GCC_WARN_UNINITIALIZED_AUTOS = YES_AGGRESSIVE;
				GCC_WARN_UNUSED_FUNCTION = YES;
				GCC_WARN_UNUSED_VARIABLE = YES;
				MTL_ENABLE_DEBUG_INFO = NO;
				MTL_FAST_MATH = YES;
				SWIFT_COMPILATION_MODE = wholemodule;
				SWIFT_OPTIMIZATION_LEVEL = "-O";
			};
			name = Release;
		};
		BFD3FBA12732364700B0DD3B /* Debug */ = {
			isa = XCBuildConfiguration;
			buildSettings = {
				ASSETCATALOG_COMPILER_APPICON_NAME = AppIcon;
				ASSETCATALOG_COMPILER_GLOBAL_ACCENT_COLOR_NAME = AccentColor;
				CODE_SIGN_STYLE = Automatic;
				CURRENT_PROJECT_VERSION = 1;
				DEVELOPMENT_TEAM = 5KY79N7DMZ;
				ENABLE_PREVIEWS = YES;
				GENERATE_INFOPLIST_FILE = YES;
				INFOPLIST_FILE = "SugoiManga/SugoiManga-Info.plist";
				INFOPLIST_KEY_UIApplicationSceneManifest_Generation = YES;
				INFOPLIST_KEY_UIApplicationSupportsIndirectInputEvents = YES;
				INFOPLIST_KEY_UILaunchScreen_Generation = YES;
				INFOPLIST_KEY_UISupportedInterfaceOrientations_iPad = "UIInterfaceOrientationPortrait UIInterfaceOrientationPortraitUpsideDown UIInterfaceOrientationLandscapeLeft UIInterfaceOrientationLandscapeRight";
				INFOPLIST_KEY_UISupportedInterfaceOrientations_iPhone = "UIInterfaceOrientationPortrait UIInterfaceOrientationLandscapeLeft UIInterfaceOrientationLandscapeRight";
				IPHONEOS_DEPLOYMENT_TARGET = 15.0;
				LD_RUNPATH_SEARCH_PATHS = (
					"$(inherited)",
					"@executable_path/Frameworks",
				);
				MARKETING_VERSION = 1.0;
				PRODUCT_BUNDLE_IDENTIFIER = dev.vincentle.SugoiManga;
				PRODUCT_NAME = SugoiManga;
				SDKROOT = iphoneos;
				SWIFT_EMIT_LOC_STRINGS = YES;
				SWIFT_VERSION = 5.0;
				TARGETED_DEVICE_FAMILY = "1,2";
			};
			name = Debug;
		};
		BFD3FBA22732364700B0DD3B /* Release */ = {
			isa = XCBuildConfiguration;
			buildSettings = {
				ASSETCATALOG_COMPILER_APPICON_NAME = AppIcon;
				ASSETCATALOG_COMPILER_GLOBAL_ACCENT_COLOR_NAME = AccentColor;
				CODE_SIGN_STYLE = Automatic;
				CURRENT_PROJECT_VERSION = 1;
				DEVELOPMENT_TEAM = 5KY79N7DMZ;
				ENABLE_PREVIEWS = YES;
				GENERATE_INFOPLIST_FILE = YES;
				INFOPLIST_FILE = "SugoiManga/SugoiManga-Info.plist";
				INFOPLIST_KEY_UIApplicationSceneManifest_Generation = YES;
				INFOPLIST_KEY_UIApplicationSupportsIndirectInputEvents = YES;
				INFOPLIST_KEY_UILaunchScreen_Generation = YES;
				INFOPLIST_KEY_UISupportedInterfaceOrientations_iPad = "UIInterfaceOrientationPortrait UIInterfaceOrientationPortraitUpsideDown UIInterfaceOrientationLandscapeLeft UIInterfaceOrientationLandscapeRight";
				INFOPLIST_KEY_UISupportedInterfaceOrientations_iPhone = "UIInterfaceOrientationPortrait UIInterfaceOrientationLandscapeLeft UIInterfaceOrientationLandscapeRight";
				IPHONEOS_DEPLOYMENT_TARGET = 15.0;
				LD_RUNPATH_SEARCH_PATHS = (
					"$(inherited)",
					"@executable_path/Frameworks",
				);
				MARKETING_VERSION = 1.0;
				PRODUCT_BUNDLE_IDENTIFIER = dev.vincentle.SugoiManga;
				PRODUCT_NAME = SugoiManga;
				SDKROOT = iphoneos;
				SWIFT_EMIT_LOC_STRINGS = YES;
				SWIFT_VERSION = 5.0;
				TARGETED_DEVICE_FAMILY = "1,2";
				VALIDATE_PRODUCT = YES;
			};
			name = Release;
		};
/* End XCBuildConfiguration section */

/* Begin XCConfigurationList section */
		BFD3FB6E2732364500B0DD3B /* Build configuration list for PBXProject "SugoiManga" */ = {
			isa = XCConfigurationList;
			buildConfigurations = (
				BFD3FB9E2732364700B0DD3B /* Debug */,
				BFD3FB9F2732364700B0DD3B /* Release */,
			);
			defaultConfigurationIsVisible = 0;
			defaultConfigurationName = Release;
		};
		BFD3FBA02732364700B0DD3B /* Build configuration list for PBXNativeTarget "SugoiManga" */ = {
			isa = XCConfigurationList;
			buildConfigurations = (
				BFD3FBA12732364700B0DD3B /* Debug */,
				BFD3FBA22732364700B0DD3B /* Release */,
			);
			defaultConfigurationIsVisible = 0;
			defaultConfigurationName = Release;
		};
/* End XCConfigurationList section */

/* Begin XCRemoteSwiftPackageReference section */
		BFD3FBB1273254A900B0DD3B /* XCRemoteSwiftPackageReference "Kanna" */ = {
			isa = XCRemoteSwiftPackageReference;
			repositoryURL = "https://github.com/tid-kijyun/Kanna";
			requirement = {
				kind = upToNextMajorVersion;
				minimumVersion = 5.0.0;
			};
		};
		BFF73B2E2733A3560076103E /* XCRemoteSwiftPackageReference "Kingfisher" */ = {
			isa = XCRemoteSwiftPackageReference;
			repositoryURL = "https://github.com/onevcat/Kingfisher";
			requirement = {
				kind = upToNextMajorVersion;
				minimumVersion = 7.0.0;
			};
		};
/* End XCRemoteSwiftPackageReference section */

/* Begin XCSwiftPackageProductDependency section */
		BFD3FBB2273254A900B0DD3B /* Kanna */ = {
			isa = XCSwiftPackageProductDependency;
			package = BFD3FBB1273254A900B0DD3B /* XCRemoteSwiftPackageReference "Kanna" */;
			productName = Kanna;
		};
		BFF73B2F2733A3560076103E /* Kingfisher */ = {
			isa = XCSwiftPackageProductDependency;
			package = BFF73B2E2733A3560076103E /* XCRemoteSwiftPackageReference "Kingfisher" */;
			productName = Kingfisher;
		};
/* End XCSwiftPackageProductDependency section */

/* Begin XCVersionGroup section */
		E36450C127840F7D0091188C /* CoreData.xcdatamodeld */ = {
			isa = XCVersionGroup;
			children = (
				E36450C227840F7D0091188C /* CoreData.xcdatamodel */,
			);
			currentVersion = E36450C227840F7D0091188C /* CoreData.xcdatamodel */;
			path = CoreData.xcdatamodeld;
			sourceTree = "<group>";
			versionGroupType = wrapper.xcdatamodel;
		};
/* End XCVersionGroup section */
	};
	rootObject = BFD3FB6B2732364500B0DD3B /* Project object */;
}
