// !$*UTF8*$!
{
	archiveVersion = 1;
	classes = {
	};
	objectVersion = 55;
	objects = {

/* Begin PBXBuildFile section */
		BF7BB5E22733101C000EDC56 /* Manga.swift in Sources */ = {isa = PBXBuildFile; fileRef = BF7BB5E12733101C000EDC56 /* Manga.swift */; };
		BF7BB5E427331BD5000EDC56 /* MangaDetail.swift in Sources */ = {isa = PBXBuildFile; fileRef = BF7BB5E327331BD5000EDC56 /* MangaDetail.swift */; };
		BF7BB5EC273341FD000EDC56 /* NetTruyenService.swift in Sources */ = {isa = PBXBuildFile; fileRef = BF7BB5EB273341FD000EDC56 /* NetTruyenService.swift */; };
		BF7BB5EE273345F7000EDC56 /* MangaService.swift in Sources */ = {isa = PBXBuildFile; fileRef = BF7BB5ED273345F7000EDC56 /* MangaService.swift */; };
		BF85B4B62734DCF50049CC7C /* MangaDetailView.swift in Sources */ = {isa = PBXBuildFile; fileRef = BF85B4B52734DCF50049CC7C /* MangaDetailView.swift */; };
		BFBA5DF9273602E700EB4954 /* ReadingView.swift in Sources */ = {isa = PBXBuildFile; fileRef = BFBA5DF8273602E700EB4954 /* ReadingView.swift */; };
		BFBA5DFD273604C500EB4954 /* ChapterDetail.swift in Sources */ = {isa = PBXBuildFile; fileRef = BFBA5DFC273604C500EB4954 /* ChapterDetail.swift */; };
		BFBA5DFF273604DE00EB4954 /* Chapter.swift in Sources */ = {isa = PBXBuildFile; fileRef = BFBA5DFE273604DE00EB4954 /* Chapter.swift */; };
		BFBA5E012736349F00EB4954 /* ZoomableScrollView.swift in Sources */ = {isa = PBXBuildFile; fileRef = BFBA5E002736349F00EB4954 /* ZoomableScrollView.swift */; };
		BFD3FB982732364700B0DD3B /* SugoiMangaApp.swift in Sources */ = {isa = PBXBuildFile; fileRef = BFD3FB702732364500B0DD3B /* SugoiMangaApp.swift */; };
		BFD3FB9C2732364700B0DD3B /* Assets.xcassets in Resources */ = {isa = PBXBuildFile; fileRef = BFD3FB722732364700B0DD3B /* Assets.xcassets */; };
		BFD3FBB3273254A900B0DD3B /* Kanna in Frameworks */ = {isa = PBXBuildFile; productRef = BFD3FBB2273254A900B0DD3B /* Kanna */; };
		BFD73B582752FBE5004E5003 /* MangaKakalotService.swift in Sources */ = {isa = PBXBuildFile; fileRef = BFD73B572752FBE5004E5003 /* MangaKakalotService.swift */; };
		BFD73B5A2752FBF4004E5003 /* MangaKakalotParser.swift in Sources */ = {isa = PBXBuildFile; fileRef = BFD73B592752FBF4004E5003 /* MangaKakalotParser.swift */; };
		BFD73B5C27530D8A004E5003 /* Source.swift in Sources */ = {isa = PBXBuildFile; fileRef = BFD73B5B27530D8A004E5003 /* Source.swift */; };
		BFD73B612758B332004E5003 /* CenterModifier.swift in Sources */ = {isa = PBXBuildFile; fileRef = BFD73B602758B332004E5003 /* CenterModifier.swift */; };
		BFD73B63275C7FB5004E5003 /* ManganatoParser.swift in Sources */ = {isa = PBXBuildFile; fileRef = BFD73B62275C7FB4004E5003 /* ManganatoParser.swift */; };
		BFF73B2D273398190076103E /* MangaItemView.swift in Sources */ = {isa = PBXBuildFile; fileRef = BFF73B2C273398180076103E /* MangaItemView.swift */; };
		BFF73B302733A3560076103E /* Kingfisher in Frameworks */ = {isa = PBXBuildFile; productRef = BFF73B2F2733A3560076103E /* Kingfisher */; };
		E31139FA28559F4D00476275 /* SourcePickerView.swift in Sources */ = {isa = PBXBuildFile; fileRef = E31139F928559F4D00476275 /* SourcePickerView.swift */; };
		E31139FC2855B1BC00476275 /* SourcePickerCore.swift in Sources */ = {isa = PBXBuildFile; fileRef = E31139FB2855B1BC00476275 /* SourcePickerCore.swift */; };
		E3113A002855BEDC00476275 /* SystemEnvironment.swift in Sources */ = {isa = PBXBuildFile; fileRef = E31139FF2855BEDC00476275 /* SystemEnvironment.swift */; };
		E3113A032856676B00476275 /* LatestUpdatesView.swift in Sources */ = {isa = PBXBuildFile; fileRef = E3113A022856676B00476275 /* LatestUpdatesView.swift */; };
		E3113A052856679000476275 /* LatestUpdatesCore.swift in Sources */ = {isa = PBXBuildFile; fileRef = E3113A042856679000476275 /* LatestUpdatesCore.swift */; };
		E3113A072856688800476275 /* RootCore.swift in Sources */ = {isa = PBXBuildFile; fileRef = E3113A062856688800476275 /* RootCore.swift */; };
		E3645080278401140091188C /* FavoritesView.swift in Sources */ = {isa = PBXBuildFile; fileRef = E364507F278401140091188C /* FavoritesView.swift */; };
		E3645083278401510091188C /* RootView.swift in Sources */ = {isa = PBXBuildFile; fileRef = E3645082278401510091188C /* RootView.swift */; };
		E36450C027840EAC0091188C /* Persistence.swift in Sources */ = {isa = PBXBuildFile; fileRef = E36450BF27840EAC0091188C /* Persistence.swift */; };
		E36450C327840F7D0091188C /* CoreData.xcdatamodeld in Sources */ = {isa = PBXBuildFile; fileRef = E36450C127840F7D0091188C /* CoreData.xcdatamodeld */; };
		E36450C6278417840091188C /* FavoriteManga.swift in Sources */ = {isa = PBXBuildFile; fileRef = E36450C5278417840091188C /* FavoriteManga.swift */; };
		E3835F38285A718100986F1F /* MangaClient.swift in Sources */ = {isa = PBXBuildFile; fileRef = E3835F37285A718100986F1F /* MangaClient.swift */; };
		E3835F3A285A719900986F1F /* FavoriteMangaClient.swift in Sources */ = {isa = PBXBuildFile; fileRef = E3835F39285A719900986F1F /* FavoriteMangaClient.swift */; };
		E3835F3C285A80D200986F1F /* FavoritesCore.swift in Sources */ = {isa = PBXBuildFile; fileRef = E3835F3B285A80D200986F1F /* FavoritesCore.swift */; };
		E3835F3E285C57F700986F1F /* NetTruyenParser.swift in Sources */ = {isa = PBXBuildFile; fileRef = E3835F3D285C57F700986F1F /* NetTruyenParser.swift */; };
		E3835F40285D514900986F1F /* MangaDetailCore.swift in Sources */ = {isa = PBXBuildFile; fileRef = E3835F3F285D514900986F1F /* MangaDetailCore.swift */; };
		E3835F46285FBA0B00986F1F /* ActivityIndicator.swift in Sources */ = {isa = PBXBuildFile; fileRef = E3835F45285FBA0B00986F1F /* ActivityIndicator.swift */; };
		E3835F49285FD0B600986F1F /* ReadingCore.swift in Sources */ = {isa = PBXBuildFile; fileRef = E3835F48285FD0B600986F1F /* ReadingCore.swift */; };
		E3835F5828626AFD00986F1F /* LatestUpdatesTests.swift in Sources */ = {isa = PBXBuildFile; fileRef = E3835F5728626AFD00986F1F /* LatestUpdatesTests.swift */; };
		E3835F5A2862794500986F1F /* ClientError.swift in Sources */ = {isa = PBXBuildFile; fileRef = E3835F592862794500986F1F /* ClientError.swift */; };
		E3835F5C2865539D00986F1F /* IfModifier.swift in Sources */ = {isa = PBXBuildFile; fileRef = E3835F5B2865539D00986F1F /* IfModifier.swift */; };
		E3835F602867D6E000986F1F /* SourceSectionCore.swift in Sources */ = {isa = PBXBuildFile; fileRef = E3835F5F2867D6E000986F1F /* SourceSectionCore.swift */; };
		E3835F622867D70200986F1F /* SourceSectionView.swift in Sources */ = {isa = PBXBuildFile; fileRef = E3835F612867D70200986F1F /* SourceSectionView.swift */; };
		E3835F662867E28F00986F1F /* Localizable.strings in Resources */ = {isa = PBXBuildFile; fileRef = E3835F682867E28F00986F1F /* Localizable.strings */; };
		E3BC397128531F2A000A1983 /* ComposableArchitecture in Frameworks */ = {isa = PBXBuildFile; productRef = E3BC397028531F2A000A1983 /* ComposableArchitecture */; };
/* End PBXBuildFile section */

/* Begin PBXContainerItemProxy section */
		E3835F5228626A9500986F1F /* PBXContainerItemProxy */ = {
			isa = PBXContainerItemProxy;
			containerPortal = BFD3FB6B2732364500B0DD3B /* Project object */;
			proxyType = 1;
			remoteGlobalIDString = BFD3FB762732364700B0DD3B;
			remoteInfo = SugoiManga;
		};
/* End PBXContainerItemProxy section */

/* Begin PBXFileReference section */
		BF7BB5E12733101C000EDC56 /* Manga.swift */ = {isa = PBXFileReference; lastKnownFileType = sourcecode.swift; path = Manga.swift; sourceTree = "<group>"; };
		BF7BB5E327331BD5000EDC56 /* MangaDetail.swift */ = {isa = PBXFileReference; lastKnownFileType = sourcecode.swift; path = MangaDetail.swift; sourceTree = "<group>"; };
		BF7BB5EB273341FD000EDC56 /* NetTruyenService.swift */ = {isa = PBXFileReference; lastKnownFileType = sourcecode.swift; path = NetTruyenService.swift; sourceTree = "<group>"; };
		BF7BB5ED273345F7000EDC56 /* MangaService.swift */ = {isa = PBXFileReference; lastKnownFileType = sourcecode.swift; path = MangaService.swift; sourceTree = "<group>"; };
		BF85B4B52734DCF50049CC7C /* MangaDetailView.swift */ = {isa = PBXFileReference; lastKnownFileType = sourcecode.swift; path = MangaDetailView.swift; sourceTree = "<group>"; };
		BFBA5DF8273602E700EB4954 /* ReadingView.swift */ = {isa = PBXFileReference; lastKnownFileType = sourcecode.swift; path = ReadingView.swift; sourceTree = "<group>"; };
		BFBA5DFC273604C500EB4954 /* ChapterDetail.swift */ = {isa = PBXFileReference; lastKnownFileType = sourcecode.swift; path = ChapterDetail.swift; sourceTree = "<group>"; };
		BFBA5DFE273604DE00EB4954 /* Chapter.swift */ = {isa = PBXFileReference; lastKnownFileType = sourcecode.swift; path = Chapter.swift; sourceTree = "<group>"; };
		BFBA5E002736349F00EB4954 /* ZoomableScrollView.swift */ = {isa = PBXFileReference; lastKnownFileType = sourcecode.swift; path = ZoomableScrollView.swift; sourceTree = "<group>"; };
		BFD3FB702732364500B0DD3B /* SugoiMangaApp.swift */ = {isa = PBXFileReference; lastKnownFileType = sourcecode.swift; path = SugoiMangaApp.swift; sourceTree = "<group>"; };
		BFD3FB722732364700B0DD3B /* Assets.xcassets */ = {isa = PBXFileReference; lastKnownFileType = folder.assetcatalog; path = Assets.xcassets; sourceTree = "<group>"; };
		BFD3FB772732364700B0DD3B /* SugoiManga.app */ = {isa = PBXFileReference; explicitFileType = wrapper.application; includeInIndex = 0; path = SugoiManga.app; sourceTree = BUILT_PRODUCTS_DIR; };
		BFD73B572752FBE5004E5003 /* MangaKakalotService.swift */ = {isa = PBXFileReference; lastKnownFileType = sourcecode.swift; path = MangaKakalotService.swift; sourceTree = "<group>"; };
		BFD73B592752FBF4004E5003 /* MangaKakalotParser.swift */ = {isa = PBXFileReference; lastKnownFileType = sourcecode.swift; path = MangaKakalotParser.swift; sourceTree = "<group>"; };
		BFD73B5B27530D8A004E5003 /* Source.swift */ = {isa = PBXFileReference; lastKnownFileType = sourcecode.swift; path = Source.swift; sourceTree = "<group>"; };
		BFD73B602758B332004E5003 /* CenterModifier.swift */ = {isa = PBXFileReference; lastKnownFileType = sourcecode.swift; path = CenterModifier.swift; sourceTree = "<group>"; };
		BFD73B62275C7FB4004E5003 /* ManganatoParser.swift */ = {isa = PBXFileReference; lastKnownFileType = sourcecode.swift; path = ManganatoParser.swift; sourceTree = "<group>"; };
		BFF73B2C273398180076103E /* MangaItemView.swift */ = {isa = PBXFileReference; lastKnownFileType = sourcecode.swift; path = MangaItemView.swift; sourceTree = "<group>"; };
		E31139F928559F4D00476275 /* SourcePickerView.swift */ = {isa = PBXFileReference; lastKnownFileType = sourcecode.swift; path = SourcePickerView.swift; sourceTree = "<group>"; };
		E31139FB2855B1BC00476275 /* SourcePickerCore.swift */ = {isa = PBXFileReference; lastKnownFileType = sourcecode.swift; path = SourcePickerCore.swift; sourceTree = "<group>"; };
		E31139FF2855BEDC00476275 /* SystemEnvironment.swift */ = {isa = PBXFileReference; lastKnownFileType = sourcecode.swift; path = SystemEnvironment.swift; sourceTree = "<group>"; };
		E3113A022856676B00476275 /* LatestUpdatesView.swift */ = {isa = PBXFileReference; lastKnownFileType = sourcecode.swift; path = LatestUpdatesView.swift; sourceTree = "<group>"; };
		E3113A042856679000476275 /* LatestUpdatesCore.swift */ = {isa = PBXFileReference; lastKnownFileType = sourcecode.swift; path = LatestUpdatesCore.swift; sourceTree = "<group>"; };
		E3113A062856688800476275 /* RootCore.swift */ = {isa = PBXFileReference; lastKnownFileType = sourcecode.swift; path = RootCore.swift; sourceTree = "<group>"; };
		E357039B27697E3000086160 /* SugoiManga-Info.plist */ = {isa = PBXFileReference; lastKnownFileType = text.plist.xml; path = "SugoiManga-Info.plist"; sourceTree = "<group>"; };
		E364507F278401140091188C /* FavoritesView.swift */ = {isa = PBXFileReference; lastKnownFileType = sourcecode.swift; path = FavoritesView.swift; sourceTree = "<group>"; };
		E3645082278401510091188C /* RootView.swift */ = {isa = PBXFileReference; lastKnownFileType = sourcecode.swift; path = RootView.swift; sourceTree = "<group>"; };
		E36450BF27840EAC0091188C /* Persistence.swift */ = {isa = PBXFileReference; lastKnownFileType = sourcecode.swift; path = Persistence.swift; sourceTree = "<group>"; };
		E36450C227840F7D0091188C /* CoreData.xcdatamodel */ = {isa = PBXFileReference; lastKnownFileType = wrapper.xcdatamodel; path = CoreData.xcdatamodel; sourceTree = "<group>"; };
		E36450C5278417840091188C /* FavoriteManga.swift */ = {isa = PBXFileReference; lastKnownFileType = sourcecode.swift; path = FavoriteManga.swift; sourceTree = "<group>"; };
		E3835F37285A718100986F1F /* MangaClient.swift */ = {isa = PBXFileReference; lastKnownFileType = sourcecode.swift; path = MangaClient.swift; sourceTree = "<group>"; };
		E3835F39285A719900986F1F /* FavoriteMangaClient.swift */ = {isa = PBXFileReference; lastKnownFileType = sourcecode.swift; path = FavoriteMangaClient.swift; sourceTree = "<group>"; };
		E3835F3B285A80D200986F1F /* FavoritesCore.swift */ = {isa = PBXFileReference; lastKnownFileType = sourcecode.swift; path = FavoritesCore.swift; sourceTree = "<group>"; };
		E3835F3D285C57F700986F1F /* NetTruyenParser.swift */ = {isa = PBXFileReference; fileEncoding = 4; lastKnownFileType = sourcecode.swift; path = NetTruyenParser.swift; sourceTree = "<group>"; };
		E3835F3F285D514900986F1F /* MangaDetailCore.swift */ = {isa = PBXFileReference; lastKnownFileType = sourcecode.swift; path = MangaDetailCore.swift; sourceTree = "<group>"; };
		E3835F45285FBA0B00986F1F /* ActivityIndicator.swift */ = {isa = PBXFileReference; lastKnownFileType = sourcecode.swift; path = ActivityIndicator.swift; sourceTree = "<group>"; };
		E3835F48285FD0B600986F1F /* ReadingCore.swift */ = {isa = PBXFileReference; lastKnownFileType = sourcecode.swift; path = ReadingCore.swift; sourceTree = "<group>"; };
		E3835F4E28626A9500986F1F /* SugoiMangaTests.xctest */ = {isa = PBXFileReference; explicitFileType = wrapper.cfbundle; includeInIndex = 0; path = SugoiMangaTests.xctest; sourceTree = BUILT_PRODUCTS_DIR; };
		E3835F5728626AFD00986F1F /* LatestUpdatesTests.swift */ = {isa = PBXFileReference; lastKnownFileType = sourcecode.swift; path = LatestUpdatesTests.swift; sourceTree = "<group>"; };
		E3835F592862794500986F1F /* ClientError.swift */ = {isa = PBXFileReference; lastKnownFileType = sourcecode.swift; path = ClientError.swift; sourceTree = "<group>"; };
		E3835F5B2865539D00986F1F /* IfModifier.swift */ = {isa = PBXFileReference; lastKnownFileType = sourcecode.swift; path = IfModifier.swift; sourceTree = "<group>"; };
		E3835F5E2867B70800986F1F /* .swiftlint.yml */ = {isa = PBXFileReference; lastKnownFileType = text.yaml; path = .swiftlint.yml; sourceTree = "<group>"; };
		E3835F5F2867D6E000986F1F /* SourceSectionCore.swift */ = {isa = PBXFileReference; lastKnownFileType = sourcecode.swift; path = SourceSectionCore.swift; sourceTree = "<group>"; };
		E3835F612867D70200986F1F /* SourceSectionView.swift */ = {isa = PBXFileReference; lastKnownFileType = sourcecode.swift; path = SourceSectionView.swift; sourceTree = "<group>"; };
		E3835F672867E28F00986F1F /* en */ = {isa = PBXFileReference; lastKnownFileType = text.plist.strings; name = en; path = en.lproj/Localizable.strings; sourceTree = "<group>"; };
		E3835F692867E2A200986F1F /* vi */ = {isa = PBXFileReference; lastKnownFileType = text.plist.strings; name = vi; path = vi.lproj/Localizable.strings; sourceTree = "<group>"; };
/* End PBXFileReference section */

/* Begin PBXFrameworksBuildPhase section */
		BFD3FB742732364700B0DD3B /* Frameworks */ = {
			isa = PBXFrameworksBuildPhase;
			buildActionMask = 2147483647;
			files = (
				BFF73B302733A3560076103E /* Kingfisher in Frameworks */,
				BFD3FBB3273254A900B0DD3B /* Kanna in Frameworks */,
				E3BC397128531F2A000A1983 /* ComposableArchitecture in Frameworks */,
			);
			runOnlyForDeploymentPostprocessing = 0;
		};
		E3835F4B28626A9500986F1F /* Frameworks */ = {
			isa = PBXFrameworksBuildPhase;
			buildActionMask = 2147483647;
			files = (
			);
			runOnlyForDeploymentPostprocessing = 0;
		};
/* End PBXFrameworksBuildPhase section */

/* Begin PBXGroup section */
		BF7BB5EA27334193000EDC56 /* Service */ = {
			isa = PBXGroup;
			children = (
				BF7BB5ED273345F7000EDC56 /* MangaService.swift */,
				BF7BB5EB273341FD000EDC56 /* NetTruyenService.swift */,
				BFD73B572752FBE5004E5003 /* MangaKakalotService.swift */,
			);
			path = Service;
			sourceTree = "<group>";
		};
		BF85B4B42734DCD40049CC7C /* MangaDetail */ = {
			isa = PBXGroup;
			children = (
				E3835F3F285D514900986F1F /* MangaDetailCore.swift */,
				BF85B4B52734DCF50049CC7C /* MangaDetailView.swift */,
			);
			path = MangaDetail;
			sourceTree = "<group>";
		};
		BFBA5DF7273602D300EB4954 /* Reading */ = {
			isa = PBXGroup;
			children = (
				E3835F48285FD0B600986F1F /* ReadingCore.swift */,
				BFBA5DF8273602E700EB4954 /* ReadingView.swift */,
			);
			path = Reading;
			sourceTree = "<group>";
		};
		BFD3FB6A2732364500B0DD3B = {
			isa = PBXGroup;
			children = (
				E3835F5E2867B70800986F1F /* .swiftlint.yml */,
				BFD3FB6F2732364500B0DD3B /* SugoiManga */,
				E3835F4F28626A9500986F1F /* SugoiMangaTests */,
				BFD3FB782732364700B0DD3B /* Products */,
			);
			sourceTree = "<group>";
		};
		BFD3FB6F2732364500B0DD3B /* SugoiManga */ = {
			isa = PBXGroup;
			children = (
				E3835F41285FB6F800986F1F /* DesignSystem */,
				E3835F33285A620600986F1F /* Data */,
				BFD73B5F2758B321004E5003 /* Utility */,
				BFD3FBAC273236A900B0DD3B /* Application */,
				E3835F632867E14000986F1F /* Resources */,
			);
			path = SugoiManga;
			sourceTree = "<group>";
		};
		BFD3FB782732364700B0DD3B /* Products */ = {
			isa = PBXGroup;
			children = (
				BFD3FB772732364700B0DD3B /* SugoiManga.app */,
				E3835F4E28626A9500986F1F /* SugoiMangaTests.xctest */,
			);
			name = Products;
			sourceTree = "<group>";
		};
		BFD3FBAC273236A900B0DD3B /* Application */ = {
			isa = PBXGroup;
			children = (
				BFD3FB702732364500B0DD3B /* SugoiMangaApp.swift */,
				E3645081278401360091188C /* Root */,
				E31139F828559F0200476275 /* SourcePicker */,
				E3113A01285666A500476275 /* LatestUpdates */,
				BF85B4B42734DCD40049CC7C /* MangaDetail */,
				BFBA5DF7273602D300EB4954 /* Reading */,
				E364507E2784009A0091188C /* Favorites */,
			);
			path = Application;
			sourceTree = "<group>";
		};
		BFD73B5F2758B321004E5003 /* Utility */ = {
			isa = PBXGroup;
			children = (
				E31139FF2855BEDC00476275 /* SystemEnvironment.swift */,
			);
			path = Utility;
			sourceTree = "<group>";
		};
		BFF73B312733AE6B0076103E /* Parser */ = {
			isa = PBXGroup;
			children = (
				E3835F3D285C57F700986F1F /* NetTruyenParser.swift */,
				BFD73B592752FBF4004E5003 /* MangaKakalotParser.swift */,
				BFD73B62275C7FB4004E5003 /* ManganatoParser.swift */,
			);
			path = Parser;
			sourceTree = "<group>";
		};
		E31139F828559F0200476275 /* SourcePicker */ = {
			isa = PBXGroup;
			children = (
				E31139FB2855B1BC00476275 /* SourcePickerCore.swift */,
				E31139F928559F4D00476275 /* SourcePickerView.swift */,
				E3835F5F2867D6E000986F1F /* SourceSectionCore.swift */,
				E3835F612867D70200986F1F /* SourceSectionView.swift */,
			);
			path = SourcePicker;
			sourceTree = "<group>";
		};
		E3113A01285666A500476275 /* LatestUpdates */ = {
			isa = PBXGroup;
			children = (
				E3113A042856679000476275 /* LatestUpdatesCore.swift */,
				E3113A022856676B00476275 /* LatestUpdatesView.swift */,
			);
			path = LatestUpdates;
			sourceTree = "<group>";
		};
		E364507E2784009A0091188C /* Favorites */ = {
			isa = PBXGroup;
			children = (
				E3835F3B285A80D200986F1F /* FavoritesCore.swift */,
				E364507F278401140091188C /* FavoritesView.swift */,
			);
			path = Favorites;
			sourceTree = "<group>";
		};
		E3645081278401360091188C /* Root */ = {
			isa = PBXGroup;
			children = (
				E3113A062856688800476275 /* RootCore.swift */,
				E3645082278401510091188C /* RootView.swift */,
			);
			path = Root;
			sourceTree = "<group>";
		};
		E36450C4278417760091188C /* CoreData */ = {
			isa = PBXGroup;
			children = (
				E36450C127840F7D0091188C /* CoreData.xcdatamodeld */,
				E36450BF27840EAC0091188C /* Persistence.swift */,
				E36450C5278417840091188C /* FavoriteManga.swift */,
			);
			path = CoreData;
			sourceTree = "<group>";
		};
		E3835F33285A620600986F1F /* Data */ = {
			isa = PBXGroup;
			children = (
				E3835F36285A702600986F1F /* Client */,
				E3835F34285A621000986F1F /* Model */,
			);
			path = Data;
			sourceTree = "<group>";
		};
		E3835F34285A621000986F1F /* Model */ = {
			isa = PBXGroup;
			children = (
				BFD73B5B27530D8A004E5003 /* Source.swift */,
				BF7BB5E12733101C000EDC56 /* Manga.swift */,
				BF7BB5E327331BD5000EDC56 /* MangaDetail.swift */,
				BFBA5DFE273604DE00EB4954 /* Chapter.swift */,
				BFBA5DFC273604C500EB4954 /* ChapterDetail.swift */,
			);
			path = Model;
			sourceTree = "<group>";
		};
		E3835F36285A702600986F1F /* Client */ = {
			isa = PBXGroup;
			children = (
				E3835F37285A718100986F1F /* MangaClient.swift */,
				E3835F39285A719900986F1F /* FavoriteMangaClient.swift */,
				E3835F592862794500986F1F /* ClientError.swift */,
				E36450C4278417760091188C /* CoreData */,
				BF7BB5EA27334193000EDC56 /* Service */,
				BFF73B312733AE6B0076103E /* Parser */,
			);
			path = Client;
			sourceTree = "<group>";
		};
		E3835F41285FB6F800986F1F /* DesignSystem */ = {
			isa = PBXGroup;
			children = (
				E3835F47285FBF5200986F1F /* Modifier */,
				E3835F44285FB9D800986F1F /* Component */,
				E3835F43285FB9D100986F1F /* Representable */,
			);
			path = DesignSystem;
			sourceTree = "<group>";
		};
		E3835F43285FB9D100986F1F /* Representable */ = {
			isa = PBXGroup;
			children = (
				E3835F45285FBA0B00986F1F /* ActivityIndicator.swift */,
				BFBA5E002736349F00EB4954 /* ZoomableScrollView.swift */,
			);
			path = Representable;
			sourceTree = "<group>";
		};
		E3835F44285FB9D800986F1F /* Component */ = {
			isa = PBXGroup;
			children = (
				BFF73B2C273398180076103E /* MangaItemView.swift */,
			);
			path = Component;
			sourceTree = "<group>";
		};
		E3835F47285FBF5200986F1F /* Modifier */ = {
			isa = PBXGroup;
			children = (
				BFD73B602758B332004E5003 /* CenterModifier.swift */,
				E3835F5B2865539D00986F1F /* IfModifier.swift */,
			);
			path = Modifier;
			sourceTree = "<group>";
		};
		E3835F4F28626A9500986F1F /* SugoiMangaTests */ = {
			isa = PBXGroup;
			children = (
				E3835F5728626AFD00986F1F /* LatestUpdatesTests.swift */,
			);
			path = SugoiMangaTests;
			sourceTree = "<group>";
		};
		E3835F632867E14000986F1F /* Resources */ = {
			isa = PBXGroup;
			children = (
				E3835F682867E28F00986F1F /* Localizable.strings */,
				BFD3FB722732364700B0DD3B /* Assets.xcassets */,
				E357039B27697E3000086160 /* SugoiManga-Info.plist */,
			);
			path = Resources;
			sourceTree = "<group>";
		};
/* End PBXGroup section */

/* Begin PBXNativeTarget section */
		BFD3FB762732364700B0DD3B /* SugoiManga */ = {
			isa = PBXNativeTarget;
			buildConfigurationList = BFD3FBA02732364700B0DD3B /* Build configuration list for PBXNativeTarget "SugoiManga" */;
			buildPhases = (
				E3835F5D2867B02600986F1F /* SwiftLint */,
				BFD3FB732732364700B0DD3B /* Sources */,
				BFD3FB742732364700B0DD3B /* Frameworks */,
				BFD3FB752732364700B0DD3B /* Resources */,
			);
			buildRules = (
			);
			dependencies = (
			);
			name = SugoiManga;
			packageProductDependencies = (
				BFD3FBB2273254A900B0DD3B /* Kanna */,
				BFF73B2F2733A3560076103E /* Kingfisher */,
				E3BC397028531F2A000A1983 /* ComposableArchitecture */,
			);
			productName = "SugoiManga (iOS)";
			productReference = BFD3FB772732364700B0DD3B /* SugoiManga.app */;
			productType = "com.apple.product-type.application";
		};
		E3835F4D28626A9500986F1F /* SugoiMangaTests */ = {
			isa = PBXNativeTarget;
			buildConfigurationList = E3835F5428626A9500986F1F /* Build configuration list for PBXNativeTarget "SugoiMangaTests" */;
			buildPhases = (
				E3835F4A28626A9500986F1F /* Sources */,
				E3835F4B28626A9500986F1F /* Frameworks */,
				E3835F4C28626A9500986F1F /* Resources */,
			);
			buildRules = (
			);
			dependencies = (
				E3835F5328626A9500986F1F /* PBXTargetDependency */,
			);
			name = SugoiMangaTests;
			productName = SugoiMangaTests;
			productReference = E3835F4E28626A9500986F1F /* SugoiMangaTests.xctest */;
			productType = "com.apple.product-type.bundle.unit-test";
		};
/* End PBXNativeTarget section */

/* Begin PBXProject section */
		BFD3FB6B2732364500B0DD3B /* Project object */ = {
			isa = PBXProject;
			attributes = {
				BuildIndependentTargetsInParallel = 1;
				LastSwiftUpdateCheck = 1340;
				LastUpgradeCheck = 1320;
				TargetAttributes = {
					BFD3FB762732364700B0DD3B = {
						CreatedOnToolsVersion = 13.1;
					};
					E3835F4D28626A9500986F1F = {
						CreatedOnToolsVersion = 13.4.1;
						TestTargetID = BFD3FB762732364700B0DD3B;
					};
				};
			};
			buildConfigurationList = BFD3FB6E2732364500B0DD3B /* Build configuration list for PBXProject "SugoiManga" */;
			compatibilityVersion = "Xcode 13.0";
			developmentRegion = en;
			hasScannedForEncodings = 0;
			knownRegions = (
				en,
				Base,
				vi,
			);
			mainGroup = BFD3FB6A2732364500B0DD3B;
			packageReferences = (
				BFD3FBB1273254A900B0DD3B /* XCRemoteSwiftPackageReference "Kanna" */,
				BFF73B2E2733A3560076103E /* XCRemoteSwiftPackageReference "Kingfisher" */,
				E3BC396F28531F2A000A1983 /* XCRemoteSwiftPackageReference "swift-composable-architecture" */,
			);
			productRefGroup = BFD3FB782732364700B0DD3B /* Products */;
			projectDirPath = "";
			projectRoot = "";
			targets = (
				BFD3FB762732364700B0DD3B /* SugoiManga */,
				E3835F4D28626A9500986F1F /* SugoiMangaTests */,
			);
		};
/* End PBXProject section */

/* Begin PBXResourcesBuildPhase section */
		BFD3FB752732364700B0DD3B /* Resources */ = {
			isa = PBXResourcesBuildPhase;
			buildActionMask = 2147483647;
			files = (
				BFD3FB9C2732364700B0DD3B /* Assets.xcassets in Resources */,
				E3835F662867E28F00986F1F /* Localizable.strings in Resources */,
			);
			runOnlyForDeploymentPostprocessing = 0;
		};
		E3835F4C28626A9500986F1F /* Resources */ = {
			isa = PBXResourcesBuildPhase;
			buildActionMask = 2147483647;
			files = (
			);
			runOnlyForDeploymentPostprocessing = 0;
		};
/* End PBXResourcesBuildPhase section */

/* Begin PBXShellScriptBuildPhase section */
		E3835F5D2867B02600986F1F /* SwiftLint */ = {
			isa = PBXShellScriptBuildPhase;
			buildActionMask = 2147483647;
			files = (
			);
			inputFileListPaths = (
			);
			inputPaths = (
			);
			name = SwiftLint;
			outputFileListPaths = (
			);
			outputPaths = (
			);
			runOnlyForDeploymentPostprocessing = 0;
			shellPath = /bin/sh;
			shellScript = "export PATH=\"$PATH:/opt/homebrew/bin\"\nif which swiftlint > /dev/null; then\n  swiftlint\nelse\n  echo \"warning: SwiftLint not installed, download from https://github.com/realm/SwiftLint\"\nfi\n";
		};
/* End PBXShellScriptBuildPhase section */

/* Begin PBXSourcesBuildPhase section */
		BFD3FB732732364700B0DD3B /* Sources */ = {
			isa = PBXSourcesBuildPhase;
			buildActionMask = 2147483647;
			files = (
				BF7BB5EC273341FD000EDC56 /* NetTruyenService.swift in Sources */,
				E3645083278401510091188C /* RootView.swift in Sources */,
				E3835F46285FBA0B00986F1F /* ActivityIndicator.swift in Sources */,
				E3113A072856688800476275 /* RootCore.swift in Sources */,
				BFD73B582752FBE5004E5003 /* MangaKakalotService.swift in Sources */,
				E3835F622867D70200986F1F /* SourceSectionView.swift in Sources */,
				E3113A052856679000476275 /* LatestUpdatesCore.swift in Sources */,
				E3835F38285A718100986F1F /* MangaClient.swift in Sources */,
				E3835F3E285C57F700986F1F /* NetTruyenParser.swift in Sources */,
				BFD73B5C27530D8A004E5003 /* Source.swift in Sources */,
				BF7BB5EE273345F7000EDC56 /* MangaService.swift in Sources */,
				E36450C6278417840091188C /* FavoriteManga.swift in Sources */,
				E3113A002855BEDC00476275 /* SystemEnvironment.swift in Sources */,
				BF7BB5E22733101C000EDC56 /* Manga.swift in Sources */,
				BF7BB5E427331BD5000EDC56 /* MangaDetail.swift in Sources */,
				BFBA5E012736349F00EB4954 /* ZoomableScrollView.swift in Sources */,
				BFBA5DFF273604DE00EB4954 /* Chapter.swift in Sources */,
				BFD3FB982732364700B0DD3B /* SugoiMangaApp.swift in Sources */,
				E3113A032856676B00476275 /* LatestUpdatesView.swift in Sources */,
				E31139FC2855B1BC00476275 /* SourcePickerCore.swift in Sources */,
				E31139FA28559F4D00476275 /* SourcePickerView.swift in Sources */,
				E3835F5A2862794500986F1F /* ClientError.swift in Sources */,
				E3835F5C2865539D00986F1F /* IfModifier.swift in Sources */,
				E3835F3A285A719900986F1F /* FavoriteMangaClient.swift in Sources */,
				E3835F602867D6E000986F1F /* SourceSectionCore.swift in Sources */,
				BFF73B2D273398190076103E /* MangaItemView.swift in Sources */,
				E36450C327840F7D0091188C /* CoreData.xcdatamodeld in Sources */,
				E3835F3C285A80D200986F1F /* FavoritesCore.swift in Sources */,
				BFD73B5A2752FBF4004E5003 /* MangaKakalotParser.swift in Sources */,
				E3835F49285FD0B600986F1F /* ReadingCore.swift in Sources */,
				E3835F40285D514900986F1F /* MangaDetailCore.swift in Sources */,
				BFBA5DF9273602E700EB4954 /* ReadingView.swift in Sources */,
				BF85B4B62734DCF50049CC7C /* MangaDetailView.swift in Sources */,
				E36450C027840EAC0091188C /* Persistence.swift in Sources */,
				BFBA5DFD273604C500EB4954 /* ChapterDetail.swift in Sources */,
				BFD73B612758B332004E5003 /* CenterModifier.swift in Sources */,
				BFD73B63275C7FB5004E5003 /* ManganatoParser.swift in Sources */,
				E3645080278401140091188C /* FavoritesView.swift in Sources */,
			);
			runOnlyForDeploymentPostprocessing = 0;
		};
		E3835F4A28626A9500986F1F /* Sources */ = {
			isa = PBXSourcesBuildPhase;
			buildActionMask = 2147483647;
			files = (
				E3835F5828626AFD00986F1F /* LatestUpdatesTests.swift in Sources */,
			);
			runOnlyForDeploymentPostprocessing = 0;
		};
/* End PBXSourcesBuildPhase section */

/* Begin PBXTargetDependency section */
		E3835F5328626A9500986F1F /* PBXTargetDependency */ = {
			isa = PBXTargetDependency;
			target = BFD3FB762732364700B0DD3B /* SugoiManga */;
			targetProxy = E3835F5228626A9500986F1F /* PBXContainerItemProxy */;
		};
/* End PBXTargetDependency section */

/* Begin PBXVariantGroup section */
		E3835F682867E28F00986F1F /* Localizable.strings */ = {
			isa = PBXVariantGroup;
			children = (
				E3835F672867E28F00986F1F /* en */,
				E3835F692867E2A200986F1F /* vi */,
			);
			name = Localizable.strings;
			sourceTree = "<group>";
		};
/* End PBXVariantGroup section */

/* Begin XCBuildConfiguration section */
		BFD3FB9E2732364700B0DD3B /* Debug */ = {
			isa = XCBuildConfiguration;
			buildSettings = {
				ALWAYS_SEARCH_USER_PATHS = NO;
				CLANG_ANALYZER_LOCALIZABILITY_NONLOCALIZED = YES;
				CLANG_ANALYZER_NONNULL = YES;
				CLANG_ANALYZER_NUMBER_OBJECT_CONVERSION = YES_AGGRESSIVE;
				CLANG_CXX_LANGUAGE_STANDARD = "gnu++17";
				CLANG_CXX_LIBRARY = "libc++";
				CLANG_ENABLE_MODULES = YES;
				CLANG_ENABLE_OBJC_ARC = YES;
				CLANG_ENABLE_OBJC_WEAK = YES;
				CLANG_WARN_BLOCK_CAPTURE_AUTORELEASING = YES;
				CLANG_WARN_BOOL_CONVERSION = YES;
				CLANG_WARN_COMMA = YES;
				CLANG_WARN_CONSTANT_CONVERSION = YES;
				CLANG_WARN_DEPRECATED_OBJC_IMPLEMENTATIONS = YES;
				CLANG_WARN_DIRECT_OBJC_ISA_USAGE = YES_ERROR;
				CLANG_WARN_DOCUMENTATION_COMMENTS = YES;
				CLANG_WARN_EMPTY_BODY = YES;
				CLANG_WARN_ENUM_CONVERSION = YES;
				CLANG_WARN_INFINITE_RECURSION = YES;
				CLANG_WARN_INT_CONVERSION = YES;
				CLANG_WARN_NON_LITERAL_NULL_CONVERSION = YES;
				CLANG_WARN_OBJC_IMPLICIT_RETAIN_SELF = YES;
				CLANG_WARN_OBJC_LITERAL_CONVERSION = YES;
				CLANG_WARN_OBJC_ROOT_CLASS = YES_ERROR;
				CLANG_WARN_QUOTED_INCLUDE_IN_FRAMEWORK_HEADER = YES;
				CLANG_WARN_RANGE_LOOP_ANALYSIS = YES;
				CLANG_WARN_STRICT_PROTOTYPES = YES;
				CLANG_WARN_SUSPICIOUS_MOVE = YES;
				CLANG_WARN_UNGUARDED_AVAILABILITY = YES_AGGRESSIVE;
				CLANG_WARN_UNREACHABLE_CODE = YES;
				CLANG_WARN__DUPLICATE_METHOD_MATCH = YES;
				COPY_PHASE_STRIP = NO;
				DEBUG_INFORMATION_FORMAT = dwarf;
				ENABLE_STRICT_OBJC_MSGSEND = YES;
				ENABLE_TESTABILITY = YES;
				GCC_C_LANGUAGE_STANDARD = gnu11;
				GCC_DYNAMIC_NO_PIC = NO;
				GCC_NO_COMMON_BLOCKS = YES;
				GCC_OPTIMIZATION_LEVEL = 0;
				GCC_PREPROCESSOR_DEFINITIONS = (
					"DEBUG=1",
					"$(inherited)",
				);
				GCC_WARN_64_TO_32_BIT_CONVERSION = YES;
				GCC_WARN_ABOUT_RETURN_TYPE = YES_ERROR;
				GCC_WARN_UNDECLARED_SELECTOR = YES;
				GCC_WARN_UNINITIALIZED_AUTOS = YES_AGGRESSIVE;
				GCC_WARN_UNUSED_FUNCTION = YES;
				GCC_WARN_UNUSED_VARIABLE = YES;
				MTL_ENABLE_DEBUG_INFO = INCLUDE_SOURCE;
				MTL_FAST_MATH = YES;
				ONLY_ACTIVE_ARCH = YES;
				SWIFT_ACTIVE_COMPILATION_CONDITIONS = DEBUG;
				SWIFT_OPTIMIZATION_LEVEL = "-Onone";
			};
			name = Debug;
		};
		BFD3FB9F2732364700B0DD3B /* Release */ = {
			isa = XCBuildConfiguration;
			buildSettings = {
				ALWAYS_SEARCH_USER_PATHS = NO;
				CLANG_ANALYZER_LOCALIZABILITY_NONLOCALIZED = YES;
				CLANG_ANALYZER_NONNULL = YES;
				CLANG_ANALYZER_NUMBER_OBJECT_CONVERSION = YES_AGGRESSIVE;
				CLANG_CXX_LANGUAGE_STANDARD = "gnu++17";
				CLANG_CXX_LIBRARY = "libc++";
				CLANG_ENABLE_MODULES = YES;
				CLANG_ENABLE_OBJC_ARC = YES;
				CLANG_ENABLE_OBJC_WEAK = YES;
				CLANG_WARN_BLOCK_CAPTURE_AUTORELEASING = YES;
				CLANG_WARN_BOOL_CONVERSION = YES;
				CLANG_WARN_COMMA = YES;
				CLANG_WARN_CONSTANT_CONVERSION = YES;
				CLANG_WARN_DEPRECATED_OBJC_IMPLEMENTATIONS = YES;
				CLANG_WARN_DIRECT_OBJC_ISA_USAGE = YES_ERROR;
				CLANG_WARN_DOCUMENTATION_COMMENTS = YES;
				CLANG_WARN_EMPTY_BODY = YES;
				CLANG_WARN_ENUM_CONVERSION = YES;
				CLANG_WARN_INFINITE_RECURSION = YES;
				CLANG_WARN_INT_CONVERSION = YES;
				CLANG_WARN_NON_LITERAL_NULL_CONVERSION = YES;
				CLANG_WARN_OBJC_IMPLICIT_RETAIN_SELF = YES;
				CLANG_WARN_OBJC_LITERAL_CONVERSION = YES;
				CLANG_WARN_OBJC_ROOT_CLASS = YES_ERROR;
				CLANG_WARN_QUOTED_INCLUDE_IN_FRAMEWORK_HEADER = YES;
				CLANG_WARN_RANGE_LOOP_ANALYSIS = YES;
				CLANG_WARN_STRICT_PROTOTYPES = YES;
				CLANG_WARN_SUSPICIOUS_MOVE = YES;
				CLANG_WARN_UNGUARDED_AVAILABILITY = YES_AGGRESSIVE;
				CLANG_WARN_UNREACHABLE_CODE = YES;
				CLANG_WARN__DUPLICATE_METHOD_MATCH = YES;
				COPY_PHASE_STRIP = NO;
				DEBUG_INFORMATION_FORMAT = "dwarf-with-dsym";
				ENABLE_NS_ASSERTIONS = NO;
				ENABLE_STRICT_OBJC_MSGSEND = YES;
				GCC_C_LANGUAGE_STANDARD = gnu11;
				GCC_NO_COMMON_BLOCKS = YES;
				GCC_WARN_64_TO_32_BIT_CONVERSION = YES;
				GCC_WARN_ABOUT_RETURN_TYPE = YES_ERROR;
				GCC_WARN_UNDECLARED_SELECTOR = YES;
				GCC_WARN_UNINITIALIZED_AUTOS = YES_AGGRESSIVE;
				GCC_WARN_UNUSED_FUNCTION = YES;
				GCC_WARN_UNUSED_VARIABLE = YES;
				MTL_ENABLE_DEBUG_INFO = NO;
				MTL_FAST_MATH = YES;
				SWIFT_COMPILATION_MODE = wholemodule;
				SWIFT_OPTIMIZATION_LEVEL = "-O";
			};
			name = Release;
		};
		BFD3FBA12732364700B0DD3B /* Debug */ = {
			isa = XCBuildConfiguration;
			buildSettings = {
				ASSETCATALOG_COMPILER_APPICON_NAME = AppIcon;
				ASSETCATALOG_COMPILER_GLOBAL_ACCENT_COLOR_NAME = AccentColor;
				CODE_SIGN_STYLE = Automatic;
				CURRENT_PROJECT_VERSION = 1;
				DEVELOPMENT_TEAM = 5KY79N7DMZ;
				ENABLE_PREVIEWS = YES;
				GENERATE_INFOPLIST_FILE = YES;
				INFOPLIST_FILE = "SugoiManga/Resources/SugoiManga-Info.plist";
				INFOPLIST_KEY_UIApplicationSceneManifest_Generation = YES;
				INFOPLIST_KEY_UIApplicationSupportsIndirectInputEvents = YES;
				INFOPLIST_KEY_UILaunchScreen_Generation = YES;
				INFOPLIST_KEY_UISupportedInterfaceOrientations_iPad = "UIInterfaceOrientationPortrait UIInterfaceOrientationPortraitUpsideDown UIInterfaceOrientationLandscapeLeft UIInterfaceOrientationLandscapeRight";
				INFOPLIST_KEY_UISupportedInterfaceOrientations_iPhone = "UIInterfaceOrientationPortrait UIInterfaceOrientationLandscapeLeft UIInterfaceOrientationLandscapeRight";
				IPHONEOS_DEPLOYMENT_TARGET = 15.0;
				LD_RUNPATH_SEARCH_PATHS = (
					"$(inherited)",
					"@executable_path/Frameworks",
				);
				MARKETING_VERSION = 1.0;
				PRODUCT_BUNDLE_IDENTIFIER = dev.vincentle.SugoiManga;
				PRODUCT_NAME = SugoiManga;
				SDKROOT = iphoneos;
				SWIFT_EMIT_LOC_STRINGS = YES;
				SWIFT_VERSION = 5.0;
				TARGETED_DEVICE_FAMILY = "1,2";
			};
			name = Debug;
		};
		BFD3FBA22732364700B0DD3B /* Release */ = {
			isa = XCBuildConfiguration;
			buildSettings = {
				ASSETCATALOG_COMPILER_APPICON_NAME = AppIcon;
				ASSETCATALOG_COMPILER_GLOBAL_ACCENT_COLOR_NAME = AccentColor;
				CODE_SIGN_STYLE = Automatic;
				CURRENT_PROJECT_VERSION = 1;
				DEVELOPMENT_TEAM = 5KY79N7DMZ;
				ENABLE_PREVIEWS = YES;
				GENERATE_INFOPLIST_FILE = YES;
				INFOPLIST_FILE = "SugoiManga/Resources/SugoiManga-Info.plist";
				INFOPLIST_KEY_UIApplicationSceneManifest_Generation = YES;
				INFOPLIST_KEY_UIApplicationSupportsIndirectInputEvents = YES;
				INFOPLIST_KEY_UILaunchScreen_Generation = YES;
				INFOPLIST_KEY_UISupportedInterfaceOrientations_iPad = "UIInterfaceOrientationPortrait UIInterfaceOrientationPortraitUpsideDown UIInterfaceOrientationLandscapeLeft UIInterfaceOrientationLandscapeRight";
				INFOPLIST_KEY_UISupportedInterfaceOrientations_iPhone = "UIInterfaceOrientationPortrait UIInterfaceOrientationLandscapeLeft UIInterfaceOrientationLandscapeRight";
				IPHONEOS_DEPLOYMENT_TARGET = 15.0;
				LD_RUNPATH_SEARCH_PATHS = (
					"$(inherited)",
					"@executable_path/Frameworks",
				);
				MARKETING_VERSION = 1.0;
				PRODUCT_BUNDLE_IDENTIFIER = dev.vincentle.SugoiManga;
				PRODUCT_NAME = SugoiManga;
				SDKROOT = iphoneos;
				SWIFT_EMIT_LOC_STRINGS = YES;
				SWIFT_VERSION = 5.0;
				TARGETED_DEVICE_FAMILY = "1,2";
				VALIDATE_PRODUCT = YES;
			};
			name = Release;
		};
		E3835F5528626A9500986F1F /* Debug */ = {
			isa = XCBuildConfiguration;
			buildSettings = {
				BUNDLE_LOADER = "$(TEST_HOST)";
				CODE_SIGN_STYLE = Automatic;
				CURRENT_PROJECT_VERSION = 1;
				GENERATE_INFOPLIST_FILE = YES;
				IPHONEOS_DEPLOYMENT_TARGET = 15.5;
				MARKETING_VERSION = 1.0;
				PRODUCT_BUNDLE_IDENTIFIER = dev.vincentle.SugoiMangaTests;
				PRODUCT_NAME = "$(TARGET_NAME)";
				SDKROOT = iphoneos;
				SWIFT_EMIT_LOC_STRINGS = NO;
				SWIFT_VERSION = 5.0;
				TARGETED_DEVICE_FAMILY = "1,2";
				TEST_HOST = "$(BUILT_PRODUCTS_DIR)/SugoiManga.app/SugoiManga";
			};
			name = Debug;
		};
		E3835F5628626A9500986F1F /* Release */ = {
			isa = XCBuildConfiguration;
			buildSettings = {
				BUNDLE_LOADER = "$(TEST_HOST)";
				CODE_SIGN_STYLE = Automatic;
				CURRENT_PROJECT_VERSION = 1;
				GENERATE_INFOPLIST_FILE = YES;
				IPHONEOS_DEPLOYMENT_TARGET = 15.5;
				MARKETING_VERSION = 1.0;
				PRODUCT_BUNDLE_IDENTIFIER = dev.vincentle.SugoiMangaTests;
				PRODUCT_NAME = "$(TARGET_NAME)";
				SDKROOT = iphoneos;
				SWIFT_EMIT_LOC_STRINGS = NO;
				SWIFT_VERSION = 5.0;
				TARGETED_DEVICE_FAMILY = "1,2";
				TEST_HOST = "$(BUILT_PRODUCTS_DIR)/SugoiManga.app/SugoiManga";
				VALIDATE_PRODUCT = YES;
			};
			name = Release;
		};
/* End XCBuildConfiguration section */

/* Begin XCConfigurationList section */
		BFD3FB6E2732364500B0DD3B /* Build configuration list for PBXProject "SugoiManga" */ = {
			isa = XCConfigurationList;
			buildConfigurations = (
				BFD3FB9E2732364700B0DD3B /* Debug */,
				BFD3FB9F2732364700B0DD3B /* Release */,
			);
			defaultConfigurationIsVisible = 0;
			defaultConfigurationName = Release;
		};
		BFD3FBA02732364700B0DD3B /* Build configuration list for PBXNativeTarget "SugoiManga" */ = {
			isa = XCConfigurationList;
			buildConfigurations = (
				BFD3FBA12732364700B0DD3B /* Debug */,
				BFD3FBA22732364700B0DD3B /* Release */,
			);
			defaultConfigurationIsVisible = 0;
			defaultConfigurationName = Release;
		};
		E3835F5428626A9500986F1F /* Build configuration list for PBXNativeTarget "SugoiMangaTests" */ = {
			isa = XCConfigurationList;
			buildConfigurations = (
				E3835F5528626A9500986F1F /* Debug */,
				E3835F5628626A9500986F1F /* Release */,
			);
			defaultConfigurationIsVisible = 0;
			defaultConfigurationName = Release;
		};
/* End XCConfigurationList section */

/* Begin XCRemoteSwiftPackageReference section */
		BFD3FBB1273254A900B0DD3B /* XCRemoteSwiftPackageReference "Kanna" */ = {
			isa = XCRemoteSwiftPackageReference;
			repositoryURL = "https://github.com/tid-kijyun/Kanna";
			requirement = {
				kind = upToNextMajorVersion;
				minimumVersion = 5.0.0;
			};
		};
		BFF73B2E2733A3560076103E /* XCRemoteSwiftPackageReference "Kingfisher" */ = {
			isa = XCRemoteSwiftPackageReference;
			repositoryURL = "https://github.com/onevcat/Kingfisher";
			requirement = {
				kind = upToNextMajorVersion;
				minimumVersion = 7.0.0;
			};
		};
		E3BC396F28531F2A000A1983 /* XCRemoteSwiftPackageReference "swift-composable-architecture" */ = {
			isa = XCRemoteSwiftPackageReference;
			repositoryURL = "https://github.com/pointfreeco/swift-composable-architecture";
			requirement = {
				kind = upToNextMajorVersion;
				minimumVersion = 0.9.0;
			};
		};
/* End XCRemoteSwiftPackageReference section */

/* Begin XCSwiftPackageProductDependency section */
		BFD3FBB2273254A900B0DD3B /* Kanna */ = {
			isa = XCSwiftPackageProductDependency;
			package = BFD3FBB1273254A900B0DD3B /* XCRemoteSwiftPackageReference "Kanna" */;
			productName = Kanna;
		};
		BFF73B2F2733A3560076103E /* Kingfisher */ = {
			isa = XCSwiftPackageProductDependency;
			package = BFF73B2E2733A3560076103E /* XCRemoteSwiftPackageReference "Kingfisher" */;
			productName = Kingfisher;
		};
		E3BC397028531F2A000A1983 /* ComposableArchitecture */ = {
			isa = XCSwiftPackageProductDependency;
			package = E3BC396F28531F2A000A1983 /* XCRemoteSwiftPackageReference "swift-composable-architecture" */;
			productName = ComposableArchitecture;
		};
/* End XCSwiftPackageProductDependency section */

/* Begin XCVersionGroup section */
		E36450C127840F7D0091188C /* CoreData.xcdatamodeld */ = {
			isa = XCVersionGroup;
			children = (
				E36450C227840F7D0091188C /* CoreData.xcdatamodel */,
			);
			currentVersion = E36450C227840F7D0091188C /* CoreData.xcdatamodel */;
			path = CoreData.xcdatamodeld;
			sourceTree = "<group>";
			versionGroupType = wrapper.xcdatamodel;
		};
/* End XCVersionGroup section */
	};
	rootObject = BFD3FB6B2732364500B0DD3B /* Project object */;
}
